
Microsoft Visual Studio Solution File, Format Version 12.00
# Visual Studio Version 16
VisualStudioVersion = 16.0.29905.134
MinimumVisualStudioVersion = 10.0.40219.1
Project("{FAE04EC0-301F-11D3-BF4B-00C04F79EFBC}") = "OCOP_SuaAnSinh", "OCOP_SuaAnSinh\OCOP_SuaAnSinh.csproj", "{C88E40D7-0EDA-45BA-83A1-6F430C6F4776}"
EndProject
Global
	GlobalSection(SolutionConfigurationPlatforms) = preSolution
		Debug|Any CPU = Debug|Any CPU
		Release|Any CPU = Release|Any CPU
	EndGlobalSection
	GlobalSection(ProjectConfigurationPlatforms) = postSolution
		{C88E40D7-0EDA-45BA-83A1-6F430C6F4776}.Debug|Any CPU.ActiveCfg = Debug|Any CPU
		{C88E40D7-0EDA-45BA-83A1-6F430C6F4776}.Debug|Any CPU.Build.0 = Debug|Any CPU
		{C88E40D7-0EDA-45BA-83A1-6F430C6F4776}.Release|Any CPU.ActiveCfg = Release|Any CPU
		{C88E40D7-0EDA-45BA-83A1-6F430C6F4776}.Release|Any CPU.Build.0 = Release|Any CPU
	EndGlobalSection
	GlobalSection(SolutionProperties) = preSolution
		HideSolutionNode = FALSE
	EndGlobalSection
	GlobalSection(ExtensibilityGlobals) = postSolution
		SolutionGuid = {C1B529DB-77C8-4F12-813A-27CCEEB95361}
	EndGlobalSection
EndGlobal
